// !$*UTF8*$!
{
	archiveVersion = 1;
	classes = {
	};
	objectVersion = 56;
	objects = {

/* Begin PBXBuildFile section */
		B803BE212BD2DAD000309B64 /* LeCuisinierApp.swift in Sources */ = {isa = PBXBuildFile; fileRef = B803BE202BD2DAD000309B64 /* LeCuisinierApp.swift */; };
		B803BE232BD2DAD000309B64 /* HomeView.swift in Sources */ = {isa = PBXBuildFile; fileRef = B803BE222BD2DAD000309B64 /* HomeView.swift */; };
		B803BE252BD2DAD000309B64 /* Item.swift in Sources */ = {isa = PBXBuildFile; fileRef = B803BE242BD2DAD000309B64 /* Item.swift */; };
		B803BE272BD2DAD200309B64 /* Assets.xcassets in Resources */ = {isa = PBXBuildFile; fileRef = B803BE262BD2DAD200309B64 /* Assets.xcassets */; };
		B803BE2B2BD2DAD200309B64 /* Preview Assets.xcassets in Resources */ = {isa = PBXBuildFile; fileRef = B803BE2A2BD2DAD200309B64 /* Preview Assets.xcassets */; };
		B803BE362BD2DAD300309B64 /* LeCuisinierTests.swift in Sources */ = {isa = PBXBuildFile; fileRef = B803BE352BD2DAD300309B64 /* LeCuisinierTests.swift */; };
		B803BE402BD2DAD300309B64 /* LeCuisinierUITests.swift in Sources */ = {isa = PBXBuildFile; fileRef = B803BE3F2BD2DAD300309B64 /* LeCuisinierUITests.swift */; };
		B803BE422BD2DAD300309B64 /* LeCuisinierUITestsLaunchTests.swift in Sources */ = {isa = PBXBuildFile; fileRef = B803BE412BD2DAD300309B64 /* LeCuisinierUITestsLaunchTests.swift */; };
		B803BE502BD2DB8E00309B64 /* FetchCategoriesInteractor.swift in Sources */ = {isa = PBXBuildFile; fileRef = B803BE4F2BD2DB8E00309B64 /* FetchCategoriesInteractor.swift */; };
		B803BE542BD6C1E900309B64 /* FoodRepository.swift in Sources */ = {isa = PBXBuildFile; fileRef = B803BE532BD6C1E900309B64 /* FoodRepository.swift */; };
		B803BE552BD6C1E900309B64 /* FoodRepository.swift in Sources */ = {isa = PBXBuildFile; fileRef = B803BE532BD6C1E900309B64 /* FoodRepository.swift */; };
		B803BE562BD6C1E900309B64 /* FoodRepository.swift in Sources */ = {isa = PBXBuildFile; fileRef = B803BE532BD6C1E900309B64 /* FoodRepository.swift */; };
		B803BE582BD992B800309B64 /* RemoteRepository.swift in Sources */ = {isa = PBXBuildFile; fileRef = B803BE572BD992B800309B64 /* RemoteRepository.swift */; };
		B803BE592BD992B800309B64 /* RemoteRepository.swift in Sources */ = {isa = PBXBuildFile; fileRef = B803BE572BD992B800309B64 /* RemoteRepository.swift */; };
		B803BE5A2BD992B800309B64 /* RemoteRepository.swift in Sources */ = {isa = PBXBuildFile; fileRef = B803BE572BD992B800309B64 /* RemoteRepository.swift */; };
		B803BE5C2BD9931200309B64 /* LocalRepository.swift in Sources */ = {isa = PBXBuildFile; fileRef = B803BE5B2BD9931200309B64 /* LocalRepository.swift */; };
		B803BE5D2BD9931200309B64 /* LocalRepository.swift in Sources */ = {isa = PBXBuildFile; fileRef = B803BE5B2BD9931200309B64 /* LocalRepository.swift */; };
		B803BE5E2BD9931200309B64 /* LocalRepository.swift in Sources */ = {isa = PBXBuildFile; fileRef = B803BE5B2BD9931200309B64 /* LocalRepository.swift */; };
		B803BE612BDAC58F00309B64 /* FoodCategoryDTO.swift in Sources */ = {isa = PBXBuildFile; fileRef = B803BE602BDAC58F00309B64 /* FoodCategoryDTO.swift */; };
		B803BE622BDAC58F00309B64 /* FoodCategoryDTO.swift in Sources */ = {isa = PBXBuildFile; fileRef = B803BE602BDAC58F00309B64 /* FoodCategoryDTO.swift */; };
		B803BE632BDAC58F00309B64 /* FoodCategoryDTO.swift in Sources */ = {isa = PBXBuildFile; fileRef = B803BE602BDAC58F00309B64 /* FoodCategoryDTO.swift */; };
		B803BE652BDAC5B300309B64 /* FoodViewModel.swift in Sources */ = {isa = PBXBuildFile; fileRef = B803BE642BDAC5B300309B64 /* FoodViewModel.swift */; };
		B803BE662BDAC5B300309B64 /* FoodViewModel.swift in Sources */ = {isa = PBXBuildFile; fileRef = B803BE642BDAC5B300309B64 /* FoodViewModel.swift */; };
		B803BE672BDAC5B300309B64 /* FoodViewModel.swift in Sources */ = {isa = PBXBuildFile; fileRef = B803BE642BDAC5B300309B64 /* FoodViewModel.swift */; };
		B80E765E2BEC5B1800E48F8F /* MealsByCategoryDTO.swift in Sources */ = {isa = PBXBuildFile; fileRef = B80E765D2BEC5B1800E48F8F /* MealsByCategoryDTO.swift */; };
		B80E765F2BEC5B1800E48F8F /* MealsByCategoryDTO.swift in Sources */ = {isa = PBXBuildFile; fileRef = B80E765D2BEC5B1800E48F8F /* MealsByCategoryDTO.swift */; };
		B80E76602BEC5B1800E48F8F /* MealsByCategoryDTO.swift in Sources */ = {isa = PBXBuildFile; fileRef = B80E765D2BEC5B1800E48F8F /* MealsByCategoryDTO.swift */; };
		B80E76622BEC604400E48F8F /* MealsByCategory.swift in Sources */ = {isa = PBXBuildFile; fileRef = B80E76612BEC604400E48F8F /* MealsByCategory.swift */; };
		B80E76632BEC604400E48F8F /* MealsByCategory.swift in Sources */ = {isa = PBXBuildFile; fileRef = B80E76612BEC604400E48F8F /* MealsByCategory.swift */; };
		B80E76642BEC604400E48F8F /* MealsByCategory.swift in Sources */ = {isa = PBXBuildFile; fileRef = B80E76612BEC604400E48F8F /* MealsByCategory.swift */; };
		B84449742BEBEB6300437202 /* FoodCategoryView.swift in Sources */ = {isa = PBXBuildFile; fileRef = B84449732BEBEB6300437202 /* FoodCategoryView.swift */; };
		B8BF1EAF2BE54E7000EF657E /* MealsDTO.swift in Sources */ = {isa = PBXBuildFile; fileRef = B8BF1EAE2BE54E7000EF657E /* MealsDTO.swift */; };
		B8BF1EB22BE55B6300EF657E /* FetchFoodCategory.swift in Sources */ = {isa = PBXBuildFile; fileRef = B8BF1EB12BE55B6300EF657E /* FetchFoodCategory.swift */; };
		B8BF1EB32BE55B6300EF657E /* FetchFoodCategory.swift in Sources */ = {isa = PBXBuildFile; fileRef = B8BF1EB12BE55B6300EF657E /* FetchFoodCategory.swift */; };
		B8BF1EB42BE55B6300EF657E /* FetchFoodCategory.swift in Sources */ = {isa = PBXBuildFile; fileRef = B8BF1EB12BE55B6300EF657E /* FetchFoodCategory.swift */; };
		B8BF1EBB2BE55C7D00EF657E /* FetchCategorySelection.swift in Sources */ = {isa = PBXBuildFile; fileRef = B8BF1EBA2BE55C7D00EF657E /* FetchCategorySelection.swift */; };
		B8BF1EBC2BE55C7D00EF657E /* FetchCategorySelection.swift in Sources */ = {isa = PBXBuildFile; fileRef = B8BF1EBA2BE55C7D00EF657E /* FetchCategorySelection.swift */; };
		B8BF1EBD2BE55C7D00EF657E /* FetchCategorySelection.swift in Sources */ = {isa = PBXBuildFile; fileRef = B8BF1EBA2BE55C7D00EF657E /* FetchCategorySelection.swift */; };
		B8BF1EBF2BE55E8C00EF657E /* FoodServices.swift in Sources */ = {isa = PBXBuildFile; fileRef = B8BF1EBE2BE55E8C00EF657E /* FoodServices.swift */; };
		B8BF1EC02BE55E8C00EF657E /* FoodServices.swift in Sources */ = {isa = PBXBuildFile; fileRef = B8BF1EBE2BE55E8C00EF657E /* FoodServices.swift */; };
		B8BF1EC12BE55E8C00EF657E /* FoodServices.swift in Sources */ = {isa = PBXBuildFile; fileRef = B8BF1EBE2BE55E8C00EF657E /* FoodServices.swift */; };
		B8BF1EC32BE55EFF00EF657E /* FetchFoodDetail.swift in Sources */ = {isa = PBXBuildFile; fileRef = B8BF1EC22BE55EFF00EF657E /* FetchFoodDetail.swift */; };
		B8BF1EC42BE55EFF00EF657E /* FetchFoodDetail.swift in Sources */ = {isa = PBXBuildFile; fileRef = B8BF1EC22BE55EFF00EF657E /* FetchFoodDetail.swift */; };
		B8BF1EC52BE55EFF00EF657E /* FetchFoodDetail.swift in Sources */ = {isa = PBXBuildFile; fileRef = B8BF1EC22BE55EFF00EF657E /* FetchFoodDetail.swift */; };
		B8BF1EC72BE55F7300EF657E /* Extensions+Enums.swift in Sources */ = {isa = PBXBuildFile; fileRef = B8BF1EC62BE55F7300EF657E /* Extensions+Enums.swift */; };
		B8BF1EC82BE55F7300EF657E /* Extensions+Enums.swift in Sources */ = {isa = PBXBuildFile; fileRef = B8BF1EC62BE55F7300EF657E /* Extensions+Enums.swift */; };
		B8BF1EC92BE55F7300EF657E /* Extensions+Enums.swift in Sources */ = {isa = PBXBuildFile; fileRef = B8BF1EC62BE55F7300EF657E /* Extensions+Enums.swift */; };
		B8BF1ECC2BE5711400EF657E /* NetworkService.swift in Sources */ = {isa = PBXBuildFile; fileRef = B8BF1ECB2BE5711400EF657E /* NetworkService.swift */; };
		B8BF1ECD2BE5711400EF657E /* NetworkService.swift in Sources */ = {isa = PBXBuildFile; fileRef = B8BF1ECB2BE5711400EF657E /* NetworkService.swift */; };
		B8BF1ECE2BE5711400EF657E /* NetworkService.swift in Sources */ = {isa = PBXBuildFile; fileRef = B8BF1ECB2BE5711400EF657E /* NetworkService.swift */; };
		B8BF1ED12BE5C19000EF657E /* MealsDTO.swift in Sources */ = {isa = PBXBuildFile; fileRef = B8BF1EAE2BE54E7000EF657E /* MealsDTO.swift */; };
		B8BF1ED22BE5C19000EF657E /* MealsDTO.swift in Sources */ = {isa = PBXBuildFile; fileRef = B8BF1EAE2BE54E7000EF657E /* MealsDTO.swift */; };
		B8BF1ED42BE5C1D700EF657E /* FoodCategory.swift in Sources */ = {isa = PBXBuildFile; fileRef = B8BF1ED32BE5C1D700EF657E /* FoodCategory.swift */; };
		B8BF1ED52BE5C1D700EF657E /* FoodCategory.swift in Sources */ = {isa = PBXBuildFile; fileRef = B8BF1ED32BE5C1D700EF657E /* FoodCategory.swift */; };
		B8BF1ED62BE5C1D700EF657E /* FoodCategory.swift in Sources */ = {isa = PBXBuildFile; fileRef = B8BF1ED32BE5C1D700EF657E /* FoodCategory.swift */; };
		B8BF1ED82BE5C1E400EF657E /* Meals.swift in Sources */ = {isa = PBXBuildFile; fileRef = B8BF1ED72BE5C1E400EF657E /* Meals.swift */; };
		B8BF1ED92BE5C1E400EF657E /* Meals.swift in Sources */ = {isa = PBXBuildFile; fileRef = B8BF1ED72BE5C1E400EF657E /* Meals.swift */; };
		B8BF1EDA2BE5C1E400EF657E /* Meals.swift in Sources */ = {isa = PBXBuildFile; fileRef = B8BF1ED72BE5C1E400EF657E /* Meals.swift */; };
		B8BF1EDC2BE5C21000EF657E /* FetchMealInteractor.swift in Sources */ = {isa = PBXBuildFile; fileRef = B8BF1EDB2BE5C21000EF657E /* FetchMealInteractor.swift */; };
		B8BF1EDD2BE5C21000EF657E /* FetchMealInteractor.swift in Sources */ = {isa = PBXBuildFile; fileRef = B8BF1EDB2BE5C21000EF657E /* FetchMealInteractor.swift */; };
		B8BF1EDE2BE5C21000EF657E /* FetchMealInteractor.swift in Sources */ = {isa = PBXBuildFile; fileRef = B8BF1EDB2BE5C21000EF657E /* FetchMealInteractor.swift */; };
		B8BF1EE32BE68D9D00EF657E /* ViewModelProtocols.swift in Sources */ = {isa = PBXBuildFile; fileRef = B8BF1EE22BE68D9D00EF657E /* ViewModelProtocols.swift */; };
		B8BF1EE42BE68D9D00EF657E /* ViewModelProtocols.swift in Sources */ = {isa = PBXBuildFile; fileRef = B8BF1EE22BE68D9D00EF657E /* ViewModelProtocols.swift */; };
		B8BF1EE52BE68D9D00EF657E /* ViewModelProtocols.swift in Sources */ = {isa = PBXBuildFile; fileRef = B8BF1EE22BE68D9D00EF657E /* ViewModelProtocols.swift */; };
		B8C607622BDEB56100777276 /* FetchCategoryInteractor.swift in Sources */ = {isa = PBXBuildFile; fileRef = B8C607612BDEB56100777276 /* FetchCategoryInteractor.swift */; };
/* End PBXBuildFile section */

/* Begin PBXContainerItemProxy section */
		B803BE322BD2DAD300309B64 /* PBXContainerItemProxy */ = {
			isa = PBXContainerItemProxy;
			containerPortal = B803BE152BD2DAD000309B64 /* Project object */;
			proxyType = 1;
			remoteGlobalIDString = B803BE1C2BD2DAD000309B64;
			remoteInfo = LeCuisinier;
		};
		B803BE3C2BD2DAD300309B64 /* PBXContainerItemProxy */ = {
			isa = PBXContainerItemProxy;
			containerPortal = B803BE152BD2DAD000309B64 /* Project object */;
			proxyType = 1;
			remoteGlobalIDString = B803BE1C2BD2DAD000309B64;
			remoteInfo = LeCuisinier;
		};
/* End PBXContainerItemProxy section */

/* Begin PBXFileReference section */
		B803BE1D2BD2DAD000309B64 /* LeCuisinier.app */ = {isa = PBXFileReference; explicitFileType = wrapper.application; includeInIndex = 0; path = LeCuisinier.app; sourceTree = BUILT_PRODUCTS_DIR; };
		B803BE202BD2DAD000309B64 /* LeCuisinierApp.swift */ = {isa = PBXFileReference; lastKnownFileType = sourcecode.swift; path = LeCuisinierApp.swift; sourceTree = "<group>"; };
		B803BE222BD2DAD000309B64 /* HomeView.swift */ = {isa = PBXFileReference; lastKnownFileType = sourcecode.swift; path = HomeView.swift; sourceTree = "<group>"; };
		B803BE242BD2DAD000309B64 /* Item.swift */ = {isa = PBXFileReference; lastKnownFileType = sourcecode.swift; path = Item.swift; sourceTree = "<group>"; };
		B803BE262BD2DAD200309B64 /* Assets.xcassets */ = {isa = PBXFileReference; lastKnownFileType = folder.assetcatalog; path = Assets.xcassets; sourceTree = "<group>"; };
		B803BE282BD2DAD200309B64 /* LeCuisinier.entitlements */ = {isa = PBXFileReference; lastKnownFileType = text.plist.entitlements; path = LeCuisinier.entitlements; sourceTree = "<group>"; };
		B803BE2A2BD2DAD200309B64 /* Preview Assets.xcassets */ = {isa = PBXFileReference; lastKnownFileType = folder.assetcatalog; path = "Preview Assets.xcassets"; sourceTree = "<group>"; };
		B803BE2C2BD2DAD200309B64 /* Info.plist */ = {isa = PBXFileReference; lastKnownFileType = text.plist.xml; path = Info.plist; sourceTree = "<group>"; };
		B803BE312BD2DAD300309B64 /* LeCuisinierTests.xctest */ = {isa = PBXFileReference; explicitFileType = wrapper.cfbundle; includeInIndex = 0; path = LeCuisinierTests.xctest; sourceTree = BUILT_PRODUCTS_DIR; };
		B803BE352BD2DAD300309B64 /* LeCuisinierTests.swift */ = {isa = PBXFileReference; lastKnownFileType = sourcecode.swift; path = LeCuisinierTests.swift; sourceTree = "<group>"; };
		B803BE3B2BD2DAD300309B64 /* LeCuisinierUITests.xctest */ = {isa = PBXFileReference; explicitFileType = wrapper.cfbundle; includeInIndex = 0; path = LeCuisinierUITests.xctest; sourceTree = BUILT_PRODUCTS_DIR; };
		B803BE3F2BD2DAD300309B64 /* LeCuisinierUITests.swift */ = {isa = PBXFileReference; lastKnownFileType = sourcecode.swift; path = LeCuisinierUITests.swift; sourceTree = "<group>"; };
		B803BE412BD2DAD300309B64 /* LeCuisinierUITestsLaunchTests.swift */ = {isa = PBXFileReference; lastKnownFileType = sourcecode.swift; path = LeCuisinierUITestsLaunchTests.swift; sourceTree = "<group>"; };
		B803BE4F2BD2DB8E00309B64 /* FetchCategoriesInteractor.swift */ = {isa = PBXFileReference; lastKnownFileType = sourcecode.swift; path = FetchCategoriesInteractor.swift; sourceTree = "<group>"; };
		B803BE532BD6C1E900309B64 /* FoodRepository.swift */ = {isa = PBXFileReference; lastKnownFileType = sourcecode.swift; path = FoodRepository.swift; sourceTree = "<group>"; };
		B803BE572BD992B800309B64 /* RemoteRepository.swift */ = {isa = PBXFileReference; lastKnownFileType = sourcecode.swift; path = RemoteRepository.swift; sourceTree = "<group>"; };
		B803BE5B2BD9931200309B64 /* LocalRepository.swift */ = {isa = PBXFileReference; lastKnownFileType = sourcecode.swift; path = LocalRepository.swift; sourceTree = "<group>"; };
		B803BE602BDAC58F00309B64 /* FoodCategoryDTO.swift */ = {isa = PBXFileReference; lastKnownFileType = sourcecode.swift; path = FoodCategoryDTO.swift; sourceTree = "<group>"; };
		B803BE642BDAC5B300309B64 /* FoodViewModel.swift */ = {isa = PBXFileReference; lastKnownFileType = sourcecode.swift; path = FoodViewModel.swift; sourceTree = "<group>"; };
		B80E765D2BEC5B1800E48F8F /* MealsByCategoryDTO.swift */ = {isa = PBXFileReference; lastKnownFileType = sourcecode.swift; path = MealsByCategoryDTO.swift; sourceTree = "<group>"; };
		B80E76612BEC604400E48F8F /* MealsByCategory.swift */ = {isa = PBXFileReference; lastKnownFileType = sourcecode.swift; path = MealsByCategory.swift; sourceTree = "<group>"; };
		B84449732BEBEB6300437202 /* FoodCategoryView.swift */ = {isa = PBXFileReference; lastKnownFileType = sourcecode.swift; path = FoodCategoryView.swift; sourceTree = "<group>"; };
		B8BF1EAE2BE54E7000EF657E /* MealsDTO.swift */ = {isa = PBXFileReference; lastKnownFileType = sourcecode.swift; path = MealsDTO.swift; sourceTree = "<group>"; };
		B8BF1EB12BE55B6300EF657E /* FetchFoodCategory.swift */ = {isa = PBXFileReference; lastKnownFileType = sourcecode.swift; path = FetchFoodCategory.swift; sourceTree = "<group>"; };
		B8BF1EBA2BE55C7D00EF657E /* FetchCategorySelection.swift */ = {isa = PBXFileReference; lastKnownFileType = sourcecode.swift; path = FetchCategorySelection.swift; sourceTree = "<group>"; };
		B8BF1EBE2BE55E8C00EF657E /* FoodServices.swift */ = {isa = PBXFileReference; lastKnownFileType = sourcecode.swift; path = FoodServices.swift; sourceTree = "<group>"; };
		B8BF1EC22BE55EFF00EF657E /* FetchFoodDetail.swift */ = {isa = PBXFileReference; lastKnownFileType = sourcecode.swift; path = FetchFoodDetail.swift; sourceTree = "<group>"; };
		B8BF1EC62BE55F7300EF657E /* Extensions+Enums.swift */ = {isa = PBXFileReference; lastKnownFileType = sourcecode.swift; path = "Extensions+Enums.swift"; sourceTree = "<group>"; };
		B8BF1ECB2BE5711400EF657E /* NetworkService.swift */ = {isa = PBXFileReference; lastKnownFileType = sourcecode.swift; path = NetworkService.swift; sourceTree = "<group>"; };
		B8BF1ED32BE5C1D700EF657E /* FoodCategory.swift */ = {isa = PBXFileReference; lastKnownFileType = sourcecode.swift; path = FoodCategory.swift; sourceTree = "<group>"; };
		B8BF1ED72BE5C1E400EF657E /* Meals.swift */ = {isa = PBXFileReference; lastKnownFileType = sourcecode.swift; path = Meals.swift; sourceTree = "<group>"; };
		B8BF1EDB2BE5C21000EF657E /* FetchMealInteractor.swift */ = {isa = PBXFileReference; lastKnownFileType = sourcecode.swift; path = FetchMealInteractor.swift; sourceTree = "<group>"; };
		B8BF1EE22BE68D9D00EF657E /* ViewModelProtocols.swift */ = {isa = PBXFileReference; lastKnownFileType = sourcecode.swift; path = ViewModelProtocols.swift; sourceTree = "<group>"; };
		B8C607612BDEB56100777276 /* FetchCategoryInteractor.swift */ = {isa = PBXFileReference; lastKnownFileType = sourcecode.swift; path = FetchCategoryInteractor.swift; sourceTree = "<group>"; };
/* End PBXFileReference section */

/* Begin PBXFrameworksBuildPhase section */
		B803BE1A2BD2DAD000309B64 /* Frameworks */ = {
			isa = PBXFrameworksBuildPhase;
			buildActionMask = 2147483647;
			files = (
			);
			runOnlyForDeploymentPostprocessing = 0;
		};
		B803BE2E2BD2DAD300309B64 /* Frameworks */ = {
			isa = PBXFrameworksBuildPhase;
			buildActionMask = 2147483647;
			files = (
			);
			runOnlyForDeploymentPostprocessing = 0;
		};
		B803BE382BD2DAD300309B64 /* Frameworks */ = {
			isa = PBXFrameworksBuildPhase;
			buildActionMask = 2147483647;
			files = (
			);
			runOnlyForDeploymentPostprocessing = 0;
		};
/* End PBXFrameworksBuildPhase section */

/* Begin PBXGroup section */
		B803BE142BD2DAD000309B64 = {
			isa = PBXGroup;
			children = (
				B803BE1F2BD2DAD000309B64 /* LeCuisinier */,
				B803BE342BD2DAD300309B64 /* LeCuisinierTests */,
				B803BE3E2BD2DAD300309B64 /* LeCuisinierUITests */,
				B803BE1E2BD2DAD000309B64 /* Products */,
			);
			sourceTree = "<group>";
		};
		B803BE1E2BD2DAD000309B64 /* Products */ = {
			isa = PBXGroup;
			children = (
				B803BE1D2BD2DAD000309B64 /* LeCuisinier.app */,
				B803BE312BD2DAD300309B64 /* LeCuisinierTests.xctest */,
				B803BE3B2BD2DAD300309B64 /* LeCuisinierUITests.xctest */,
			);
			name = Products;
			sourceTree = "<group>";
		};
		B803BE1F2BD2DAD000309B64 /* LeCuisinier */ = {
			isa = PBXGroup;
			children = (
				B803BE512BD6C1B500309B64 /* Data */,
				B803BE4E2BD2DB3F00309B64 /* Domain */,
				B803BE522BD6C1BA00309B64 /* Presentation */,
				B803BE242BD2DAD000309B64 /* Item.swift */,
				B803BE202BD2DAD000309B64 /* LeCuisinierApp.swift */,
				B803BE262BD2DAD200309B64 /* Assets.xcassets */,
				B803BE282BD2DAD200309B64 /* LeCuisinier.entitlements */,
				B803BE2C2BD2DAD200309B64 /* Info.plist */,
				B803BE292BD2DAD200309B64 /* Preview Content */,
			);
			path = LeCuisinier;
			sourceTree = "<group>";
		};
		B803BE292BD2DAD200309B64 /* Preview Content */ = {
			isa = PBXGroup;
			children = (
				B803BE2A2BD2DAD200309B64 /* Preview Assets.xcassets */,
			);
			path = "Preview Content";
			sourceTree = "<group>";
		};
		B803BE342BD2DAD300309B64 /* LeCuisinierTests */ = {
			isa = PBXGroup;
			children = (
				B803BE352BD2DAD300309B64 /* LeCuisinierTests.swift */,
			);
			path = LeCuisinierTests;
			sourceTree = "<group>";
		};
		B803BE3E2BD2DAD300309B64 /* LeCuisinierUITests */ = {
			isa = PBXGroup;
			children = (
				B803BE3F2BD2DAD300309B64 /* LeCuisinierUITests.swift */,
				B803BE412BD2DAD300309B64 /* LeCuisinierUITestsLaunchTests.swift */,
			);
			path = LeCuisinierUITests;
			sourceTree = "<group>";
		};
		B803BE4E2BD2DB3F00309B64 /* Domain */ = {
			isa = PBXGroup;
			children = (
				B8BF1ECF2BE5A71700EF657E /* Interactors */,
				B8C607652BDEB56B00777276 /* Entities */,
			);
			path = Domain;
			sourceTree = "<group>";
		};
		B803BE512BD6C1B500309B64 /* Data */ = {
			isa = PBXGroup;
			children = (
				B8BF1ED02BE5C18500EF657E /* DTOs */,
				B8BF1ECA2BE5710400EF657E /* Helpers */,
				B803BE5F2BD9996600309B64 /* DataSource */,
				B803BE532BD6C1E900309B64 /* FoodRepository.swift */,
			);
			path = Data;
			sourceTree = "<group>";
		};
		B803BE522BD6C1BA00309B64 /* Presentation */ = {
			isa = PBXGroup;
			children = (
				B8BF1EE02BE68D3900EF657E /* ViewModel */,
				B8BF1EDF2BE68D2C00EF657E /* Views */,
			);
			path = Presentation;
			sourceTree = "<group>";
		};
		B803BE5F2BD9996600309B64 /* DataSource */ = {
			isa = PBXGroup;
			children = (
				B8BF1EB52BE55BC900EF657E /* Repositories */,
				B8BF1EB02BE55B2B00EF657E /* Services */,
			);
			path = DataSource;
			sourceTree = "<group>";
		};
		B84449722BEBEB3900437202 /* CategoryView */ = {
			isa = PBXGroup;
			children = (
				B84449732BEBEB6300437202 /* FoodCategoryView.swift */,
			);
			path = CategoryView;
			sourceTree = "<group>";
		};
		B84449752BEBEBD100437202 /* DetailView */ = {
			isa = PBXGroup;
			children = (
			);
			path = DetailView;
			sourceTree = "<group>";
		};
		B8BF1EB02BE55B2B00EF657E /* Services */ = {
			isa = PBXGroup;
			children = (
				B8BF1EBE2BE55E8C00EF657E /* FoodServices.swift */,
				B8BF1EB12BE55B6300EF657E /* FetchFoodCategory.swift */,
				B8BF1EBA2BE55C7D00EF657E /* FetchCategorySelection.swift */,
				B8BF1EC22BE55EFF00EF657E /* FetchFoodDetail.swift */,
			);
			path = Services;
			sourceTree = "<group>";
		};
		B8BF1EB52BE55BC900EF657E /* Repositories */ = {
			isa = PBXGroup;
			children = (
				B803BE5B2BD9931200309B64 /* LocalRepository.swift */,
				B803BE572BD992B800309B64 /* RemoteRepository.swift */,
			);
			path = Repositories;
			sourceTree = "<group>";
		};
		B8BF1ECA2BE5710400EF657E /* Helpers */ = {
			isa = PBXGroup;
			children = (
				B8BF1EC62BE55F7300EF657E /* Extensions+Enums.swift */,
				B8BF1ECB2BE5711400EF657E /* NetworkService.swift */,
			);
			path = Helpers;
			sourceTree = "<group>";
		};
		B8BF1ECF2BE5A71700EF657E /* Interactors */ = {
			isa = PBXGroup;
			children = (
				B803BE4F2BD2DB8E00309B64 /* FetchCategoriesInteractor.swift */,
				B8C607612BDEB56100777276 /* FetchCategoryInteractor.swift */,
				B8BF1EDB2BE5C21000EF657E /* FetchMealInteractor.swift */,
			);
			path = Interactors;
			sourceTree = "<group>";
		};
		B8BF1ED02BE5C18500EF657E /* DTOs */ = {
			isa = PBXGroup;
			children = (
				B8BF1EAE2BE54E7000EF657E /* MealsDTO.swift */,
				B803BE602BDAC58F00309B64 /* FoodCategoryDTO.swift */,
				B80E765D2BEC5B1800E48F8F /* MealsByCategoryDTO.swift */,
			);
			path = DTOs;
			sourceTree = "<group>";
		};
		B8BF1EDF2BE68D2C00EF657E /* Views */ = {
			isa = PBXGroup;
			children = (
				B803BE222BD2DAD000309B64 /* HomeView.swift */,
				B84449752BEBEBD100437202 /* DetailView */,
				B84449722BEBEB3900437202 /* CategoryView */,
			);
			path = Views;
			sourceTree = "<group>";
		};
		B8BF1EE02BE68D3900EF657E /* ViewModel */ = {
			isa = PBXGroup;
			children = (
				B803BE642BDAC5B300309B64 /* FoodViewModel.swift */,
				B8BF1EE22BE68D9D00EF657E /* ViewModelProtocols.swift */,
			);
			path = ViewModel;
			sourceTree = "<group>";
		};
		B8C607652BDEB56B00777276 /* Entities */ = {
			isa = PBXGroup;
			children = (
				B8BF1ED32BE5C1D700EF657E /* FoodCategory.swift */,
				B8BF1ED72BE5C1E400EF657E /* Meals.swift */,
				B80E76612BEC604400E48F8F /* MealsByCategory.swift */,
			);
			path = Entities;
			sourceTree = "<group>";
		};
/* End PBXGroup section */

/* Begin PBXNativeTarget section */
		B803BE1C2BD2DAD000309B64 /* LeCuisinier */ = {
			isa = PBXNativeTarget;
			buildConfigurationList = B803BE452BD2DAD300309B64 /* Build configuration list for PBXNativeTarget "LeCuisinier" */;
			buildPhases = (
				B803BE192BD2DAD000309B64 /* Sources */,
				B803BE1A2BD2DAD000309B64 /* Frameworks */,
				B803BE1B2BD2DAD000309B64 /* Resources */,
			);
			buildRules = (
			);
			dependencies = (
			);
			name = LeCuisinier;
			productName = LeCuisinier;
			productReference = B803BE1D2BD2DAD000309B64 /* LeCuisinier.app */;
			productType = "com.apple.product-type.application";
		};
		B803BE302BD2DAD300309B64 /* LeCuisinierTests */ = {
			isa = PBXNativeTarget;
			buildConfigurationList = B803BE482BD2DAD300309B64 /* Build configuration list for PBXNativeTarget "LeCuisinierTests" */;
			buildPhases = (
				B803BE2D2BD2DAD300309B64 /* Sources */,
				B803BE2E2BD2DAD300309B64 /* Frameworks */,
				B803BE2F2BD2DAD300309B64 /* Resources */,
			);
			buildRules = (
			);
			dependencies = (
				B803BE332BD2DAD300309B64 /* PBXTargetDependency */,
			);
			name = LeCuisinierTests;
			productName = LeCuisinierTests;
			productReference = B803BE312BD2DAD300309B64 /* LeCuisinierTests.xctest */;
			productType = "com.apple.product-type.bundle.unit-test";
		};
		B803BE3A2BD2DAD300309B64 /* LeCuisinierUITests */ = {
			isa = PBXNativeTarget;
			buildConfigurationList = B803BE4B2BD2DAD300309B64 /* Build configuration list for PBXNativeTarget "LeCuisinierUITests" */;
			buildPhases = (
				B803BE372BD2DAD300309B64 /* Sources */,
				B803BE382BD2DAD300309B64 /* Frameworks */,
				B803BE392BD2DAD300309B64 /* Resources */,
			);
			buildRules = (
			);
			dependencies = (
				B803BE3D2BD2DAD300309B64 /* PBXTargetDependency */,
			);
			name = LeCuisinierUITests;
			productName = LeCuisinierUITests;
			productReference = B803BE3B2BD2DAD300309B64 /* LeCuisinierUITests.xctest */;
			productType = "com.apple.product-type.bundle.ui-testing";
		};
/* End PBXNativeTarget section */

/* Begin PBXProject section */
		B803BE152BD2DAD000309B64 /* Project object */ = {
			isa = PBXProject;
			attributes = {
				BuildIndependentTargetsInParallel = 1;
				LastSwiftUpdateCheck = 1520;
				LastUpgradeCheck = 1520;
				TargetAttributes = {
					B803BE1C2BD2DAD000309B64 = {
						CreatedOnToolsVersion = 15.2;
					};
					B803BE302BD2DAD300309B64 = {
						CreatedOnToolsVersion = 15.2;
						TestTargetID = B803BE1C2BD2DAD000309B64;
					};
					B803BE3A2BD2DAD300309B64 = {
						CreatedOnToolsVersion = 15.2;
						TestTargetID = B803BE1C2BD2DAD000309B64;
					};
				};
			};
			buildConfigurationList = B803BE182BD2DAD000309B64 /* Build configuration list for PBXProject "LeCuisinier" */;
			compatibilityVersion = "Xcode 14.0";
			developmentRegion = en;
			hasScannedForEncodings = 0;
			knownRegions = (
				en,
				Base,
			);
			mainGroup = B803BE142BD2DAD000309B64;
			productRefGroup = B803BE1E2BD2DAD000309B64 /* Products */;
			projectDirPath = "";
			projectRoot = "";
			targets = (
				B803BE1C2BD2DAD000309B64 /* LeCuisinier */,
				B803BE302BD2DAD300309B64 /* LeCuisinierTests */,
				B803BE3A2BD2DAD300309B64 /* LeCuisinierUITests */,
			);
		};
/* End PBXProject section */

/* Begin PBXResourcesBuildPhase section */
		B803BE1B2BD2DAD000309B64 /* Resources */ = {
			isa = PBXResourcesBuildPhase;
			buildActionMask = 2147483647;
			files = (
				B803BE2B2BD2DAD200309B64 /* Preview Assets.xcassets in Resources */,
				B803BE272BD2DAD200309B64 /* Assets.xcassets in Resources */,
			);
			runOnlyForDeploymentPostprocessing = 0;
		};
		B803BE2F2BD2DAD300309B64 /* Resources */ = {
			isa = PBXResourcesBuildPhase;
			buildActionMask = 2147483647;
			files = (
			);
			runOnlyForDeploymentPostprocessing = 0;
		};
		B803BE392BD2DAD300309B64 /* Resources */ = {
			isa = PBXResourcesBuildPhase;
			buildActionMask = 2147483647;
			files = (
			);
			runOnlyForDeploymentPostprocessing = 0;
		};
/* End PBXResourcesBuildPhase section */

/* Begin PBXSourcesBuildPhase section */
		B803BE192BD2DAD000309B64 /* Sources */ = {
			isa = PBXSourcesBuildPhase;
			buildActionMask = 2147483647;
			files = (
				B8BF1EAF2BE54E7000EF657E /* MealsDTO.swift in Sources */,
				B803BE232BD2DAD000309B64 /* HomeView.swift in Sources */,
				B803BE582BD992B800309B64 /* RemoteRepository.swift in Sources */,
				B80E76622BEC604400E48F8F /* MealsByCategory.swift in Sources */,
				B803BE5C2BD9931200309B64 /* LocalRepository.swift in Sources */,
				B8BF1EDC2BE5C21000EF657E /* FetchMealInteractor.swift in Sources */,
				B8BF1EC72BE55F7300EF657E /* Extensions+Enums.swift in Sources */,
				B84449742BEBEB6300437202 /* FoodCategoryView.swift in Sources */,
				B8BF1ECC2BE5711400EF657E /* NetworkService.swift in Sources */,
				B803BE502BD2DB8E00309B64 /* FetchCategoriesInteractor.swift in Sources */,
				B8BF1EBB2BE55C7D00EF657E /* FetchCategorySelection.swift in Sources */,
				B803BE542BD6C1E900309B64 /* FoodRepository.swift in Sources */,
				B803BE652BDAC5B300309B64 /* FoodViewModel.swift in Sources */,
				B8BF1ED82BE5C1E400EF657E /* Meals.swift in Sources */,
				B803BE612BDAC58F00309B64 /* FoodCategoryDTO.swift in Sources */,
				B8BF1EC32BE55EFF00EF657E /* FetchFoodDetail.swift in Sources */,
				B8BF1EBF2BE55E8C00EF657E /* FoodServices.swift in Sources */,
				B8BF1EE32BE68D9D00EF657E /* ViewModelProtocols.swift in Sources */,
				B8BF1ED42BE5C1D700EF657E /* FoodCategory.swift in Sources */,
				B80E765E2BEC5B1800E48F8F /* MealsByCategoryDTO.swift in Sources */,
				B8C607622BDEB56100777276 /* FetchCategoryInteractor.swift in Sources */,
				B803BE252BD2DAD000309B64 /* Item.swift in Sources */,
				B803BE212BD2DAD000309B64 /* LeCuisinierApp.swift in Sources */,
				B8BF1EB22BE55B6300EF657E /* FetchFoodCategory.swift in Sources */,
			);
			runOnlyForDeploymentPostprocessing = 0;
		};
		B803BE2D2BD2DAD300309B64 /* Sources */ = {
			isa = PBXSourcesBuildPhase;
			buildActionMask = 2147483647;
			files = (
				B803BE362BD2DAD300309B64 /* LeCuisinierTests.swift in Sources */,
				B8BF1EBC2BE55C7D00EF657E /* FetchCategorySelection.swift in Sources */,
				B803BE622BDAC58F00309B64 /* FoodCategoryDTO.swift in Sources */,
				B8BF1EC42BE55EFF00EF657E /* FetchFoodDetail.swift in Sources */,
				B8BF1ED22BE5C19000EF657E /* MealsDTO.swift in Sources */,
				B80E765F2BEC5B1800E48F8F /* MealsByCategoryDTO.swift in Sources */,
				B8BF1EC82BE55F7300EF657E /* Extensions+Enums.swift in Sources */,
				B8BF1EB32BE55B6300EF657E /* FetchFoodCategory.swift in Sources */,
				B8BF1EC02BE55E8C00EF657E /* FoodServices.swift in Sources */,
				B8BF1EDD2BE5C21000EF657E /* FetchMealInteractor.swift in Sources */,
				B803BE662BDAC5B300309B64 /* FoodViewModel.swift in Sources */,
				B8BF1EE42BE68D9D00EF657E /* ViewModelProtocols.swift in Sources */,
				B8BF1ED92BE5C1E400EF657E /* Meals.swift in Sources */,
				B803BE592BD992B800309B64 /* RemoteRepository.swift in Sources */,
				B803BE552BD6C1E900309B64 /* FoodRepository.swift in Sources */,
				B8BF1ED52BE5C1D700EF657E /* FoodCategory.swift in Sources */,
				B80E76632BEC604400E48F8F /* MealsByCategory.swift in Sources */,
				B8BF1ECD2BE5711400EF657E /* NetworkService.swift in Sources */,
				B803BE5D2BD9931200309B64 /* LocalRepository.swift in Sources */,
			);
			runOnlyForDeploymentPostprocessing = 0;
		};
		B803BE372BD2DAD300309B64 /* Sources */ = {
			isa = PBXSourcesBuildPhase;
			buildActionMask = 2147483647;
			files = (
				B803BE402BD2DAD300309B64 /* LeCuisinierUITests.swift in Sources */,
				B803BE5A2BD992B800309B64 /* RemoteRepository.swift in Sources */,
				B8BF1EB42BE55B6300EF657E /* FetchFoodCategory.swift in Sources */,
				B803BE562BD6C1E900309B64 /* FoodRepository.swift in Sources */,
				B803BE5E2BD9931200309B64 /* LocalRepository.swift in Sources */,
				B803BE422BD2DAD300309B64 /* LeCuisinierUITestsLaunchTests.swift in Sources */,
				B8BF1EE52BE68D9D00EF657E /* ViewModelProtocols.swift in Sources */,
				B8BF1ECE2BE5711400EF657E /* NetworkService.swift in Sources */,
				B803BE632BDAC58F00309B64 /* FoodCategoryDTO.swift in Sources */,
				B8BF1EDA2BE5C1E400EF657E /* Meals.swift in Sources */,
				B803BE672BDAC5B300309B64 /* FoodViewModel.swift in Sources */,
				B80E76642BEC604400E48F8F /* MealsByCategory.swift in Sources */,
				B8BF1EBD2BE55C7D00EF657E /* FetchCategorySelection.swift in Sources */,
				B8BF1ED12BE5C19000EF657E /* MealsDTO.swift in Sources */,
				B8BF1EC52BE55EFF00EF657E /* FetchFoodDetail.swift in Sources */,
				B8BF1EC92BE55F7300EF657E /* Extensions+Enums.swift in Sources */,
				B8BF1ED62BE5C1D700EF657E /* FoodCategory.swift in Sources */,
				B8BF1EC12BE55E8C00EF657E /* FoodServices.swift in Sources */,
				B8BF1EDE2BE5C21000EF657E /* FetchMealInteractor.swift in Sources */,
				B80E76602BEC5B1800E48F8F /* MealsByCategoryDTO.swift in Sources */,
			);
			runOnlyForDeploymentPostprocessing = 0;
		};
/* End PBXSourcesBuildPhase section */

/* Begin PBXTargetDependency section */
		B803BE332BD2DAD300309B64 /* PBXTargetDependency */ = {
			isa = PBXTargetDependency;
			target = B803BE1C2BD2DAD000309B64 /* LeCuisinier */;
			targetProxy = B803BE322BD2DAD300309B64 /* PBXContainerItemProxy */;
		};
		B803BE3D2BD2DAD300309B64 /* PBXTargetDependency */ = {
			isa = PBXTargetDependency;
			target = B803BE1C2BD2DAD000309B64 /* LeCuisinier */;
			targetProxy = B803BE3C2BD2DAD300309B64 /* PBXContainerItemProxy */;
		};
/* End PBXTargetDependency section */

/* Begin XCBuildConfiguration section */
		B803BE432BD2DAD300309B64 /* Debug */ = {
			isa = XCBuildConfiguration;
			buildSettings = {
				ALWAYS_SEARCH_USER_PATHS = NO;
				ASSETCATALOG_COMPILER_GENERATE_SWIFT_ASSET_SYMBOL_EXTENSIONS = YES;
				CLANG_ANALYZER_NONNULL = YES;
				CLANG_ANALYZER_NUMBER_OBJECT_CONVERSION = YES_AGGRESSIVE;
				CLANG_CXX_LANGUAGE_STANDARD = "gnu++20";
				CLANG_ENABLE_MODULES = YES;
				CLANG_ENABLE_OBJC_ARC = YES;
				CLANG_ENABLE_OBJC_WEAK = YES;
				CLANG_WARN_BLOCK_CAPTURE_AUTORELEASING = YES;
				CLANG_WARN_BOOL_CONVERSION = YES;
				CLANG_WARN_COMMA = YES;
				CLANG_WARN_CONSTANT_CONVERSION = YES;
				CLANG_WARN_DEPRECATED_OBJC_IMPLEMENTATIONS = YES;
				CLANG_WARN_DIRECT_OBJC_ISA_USAGE = YES_ERROR;
				CLANG_WARN_DOCUMENTATION_COMMENTS = YES;
				CLANG_WARN_EMPTY_BODY = YES;
				CLANG_WARN_ENUM_CONVERSION = YES;
				CLANG_WARN_INFINITE_RECURSION = YES;
				CLANG_WARN_INT_CONVERSION = YES;
				CLANG_WARN_NON_LITERAL_NULL_CONVERSION = YES;
				CLANG_WARN_OBJC_IMPLICIT_RETAIN_SELF = YES;
				CLANG_WARN_OBJC_LITERAL_CONVERSION = YES;
				CLANG_WARN_OBJC_ROOT_CLASS = YES_ERROR;
				CLANG_WARN_QUOTED_INCLUDE_IN_FRAMEWORK_HEADER = YES;
				CLANG_WARN_RANGE_LOOP_ANALYSIS = YES;
				CLANG_WARN_STRICT_PROTOTYPES = YES;
				CLANG_WARN_SUSPICIOUS_MOVE = YES;
				CLANG_WARN_UNGUARDED_AVAILABILITY = YES_AGGRESSIVE;
				CLANG_WARN_UNREACHABLE_CODE = YES;
				CLANG_WARN__DUPLICATE_METHOD_MATCH = YES;
				COPY_PHASE_STRIP = NO;
				DEBUG_INFORMATION_FORMAT = dwarf;
				ENABLE_STRICT_OBJC_MSGSEND = YES;
				ENABLE_TESTABILITY = YES;
				ENABLE_USER_SCRIPT_SANDBOXING = YES;
				GCC_C_LANGUAGE_STANDARD = gnu17;
				GCC_DYNAMIC_NO_PIC = NO;
				GCC_NO_COMMON_BLOCKS = YES;
				GCC_OPTIMIZATION_LEVEL = 0;
				GCC_PREPROCESSOR_DEFINITIONS = (
					"DEBUG=1",
					"$(inherited)",
				);
				GCC_WARN_64_TO_32_BIT_CONVERSION = YES;
				GCC_WARN_ABOUT_RETURN_TYPE = YES_ERROR;
				GCC_WARN_UNDECLARED_SELECTOR = YES;
				GCC_WARN_UNINITIALIZED_AUTOS = YES_AGGRESSIVE;
				GCC_WARN_UNUSED_FUNCTION = YES;
				GCC_WARN_UNUSED_VARIABLE = YES;
				LOCALIZATION_PREFERS_STRING_CATALOGS = YES;
				MTL_ENABLE_DEBUG_INFO = INCLUDE_SOURCE;
				MTL_FAST_MATH = YES;
				ONLY_ACTIVE_ARCH = YES;
				SWIFT_ACTIVE_COMPILATION_CONDITIONS = "DEBUG $(inherited)";
				SWIFT_OPTIMIZATION_LEVEL = "-Onone";
			};
			name = Debug;
		};
		B803BE442BD2DAD300309B64 /* Release */ = {
			isa = XCBuildConfiguration;
			buildSettings = {
				ALWAYS_SEARCH_USER_PATHS = NO;
				ASSETCATALOG_COMPILER_GENERATE_SWIFT_ASSET_SYMBOL_EXTENSIONS = YES;
				CLANG_ANALYZER_NONNULL = YES;
				CLANG_ANALYZER_NUMBER_OBJECT_CONVERSION = YES_AGGRESSIVE;
				CLANG_CXX_LANGUAGE_STANDARD = "gnu++20";
				CLANG_ENABLE_MODULES = YES;
				CLANG_ENABLE_OBJC_ARC = YES;
				CLANG_ENABLE_OBJC_WEAK = YES;
				CLANG_WARN_BLOCK_CAPTURE_AUTORELEASING = YES;
				CLANG_WARN_BOOL_CONVERSION = YES;
				CLANG_WARN_COMMA = YES;
				CLANG_WARN_CONSTANT_CONVERSION = YES;
				CLANG_WARN_DEPRECATED_OBJC_IMPLEMENTATIONS = YES;
				CLANG_WARN_DIRECT_OBJC_ISA_USAGE = YES_ERROR;
				CLANG_WARN_DOCUMENTATION_COMMENTS = YES;
				CLANG_WARN_EMPTY_BODY = YES;
				CLANG_WARN_ENUM_CONVERSION = YES;
				CLANG_WARN_INFINITE_RECURSION = YES;
				CLANG_WARN_INT_CONVERSION = YES;
				CLANG_WARN_NON_LITERAL_NULL_CONVERSION = YES;
				CLANG_WARN_OBJC_IMPLICIT_RETAIN_SELF = YES;
				CLANG_WARN_OBJC_LITERAL_CONVERSION = YES;
				CLANG_WARN_OBJC_ROOT_CLASS = YES_ERROR;
				CLANG_WARN_QUOTED_INCLUDE_IN_FRAMEWORK_HEADER = YES;
				CLANG_WARN_RANGE_LOOP_ANALYSIS = YES;
				CLANG_WARN_STRICT_PROTOTYPES = YES;
				CLANG_WARN_SUSPICIOUS_MOVE = YES;
				CLANG_WARN_UNGUARDED_AVAILABILITY = YES_AGGRESSIVE;
				CLANG_WARN_UNREACHABLE_CODE = YES;
				CLANG_WARN__DUPLICATE_METHOD_MATCH = YES;
				COPY_PHASE_STRIP = NO;
				DEBUG_INFORMATION_FORMAT = "dwarf-with-dsym";
				ENABLE_NS_ASSERTIONS = NO;
				ENABLE_STRICT_OBJC_MSGSEND = YES;
				ENABLE_USER_SCRIPT_SANDBOXING = YES;
				GCC_C_LANGUAGE_STANDARD = gnu17;
				GCC_NO_COMMON_BLOCKS = YES;
				GCC_WARN_64_TO_32_BIT_CONVERSION = YES;
				GCC_WARN_ABOUT_RETURN_TYPE = YES_ERROR;
				GCC_WARN_UNDECLARED_SELECTOR = YES;
				GCC_WARN_UNINITIALIZED_AUTOS = YES_AGGRESSIVE;
				GCC_WARN_UNUSED_FUNCTION = YES;
				GCC_WARN_UNUSED_VARIABLE = YES;
				LOCALIZATION_PREFERS_STRING_CATALOGS = YES;
				MTL_ENABLE_DEBUG_INFO = NO;
				MTL_FAST_MATH = YES;
				SWIFT_COMPILATION_MODE = wholemodule;
			};
			name = Release;
		};
		B803BE462BD2DAD300309B64 /* Debug */ = {
			isa = XCBuildConfiguration;
			buildSettings = {
				ASSETCATALOG_COMPILER_APPICON_NAME = AppIcon;
				ASSETCATALOG_COMPILER_GLOBAL_ACCENT_COLOR_NAME = AccentColor;
				CODE_SIGN_ENTITLEMENTS = LeCuisinier/LeCuisinier.entitlements;
				CODE_SIGN_STYLE = Automatic;
				CURRENT_PROJECT_VERSION = 1;
				DEVELOPMENT_ASSET_PATHS = "\"LeCuisinier/Preview Content\"";
				DEVELOPMENT_TEAM = 3XJ966327G;
				ENABLE_HARDENED_RUNTIME = YES;
				ENABLE_PREVIEWS = YES;
				GENERATE_INFOPLIST_FILE = YES;
				INFOPLIST_FILE = LeCuisinier/Info.plist;
				"INFOPLIST_KEY_UIApplicationSceneManifest_Generation[sdk=iphoneos*]" = YES;
				"INFOPLIST_KEY_UIApplicationSceneManifest_Generation[sdk=iphonesimulator*]" = YES;
				"INFOPLIST_KEY_UIApplicationSupportsIndirectInputEvents[sdk=iphoneos*]" = YES;
				"INFOPLIST_KEY_UIApplicationSupportsIndirectInputEvents[sdk=iphonesimulator*]" = YES;
				"INFOPLIST_KEY_UILaunchScreen_Generation[sdk=iphoneos*]" = YES;
				"INFOPLIST_KEY_UILaunchScreen_Generation[sdk=iphonesimulator*]" = YES;
				"INFOPLIST_KEY_UIStatusBarStyle[sdk=iphoneos*]" = UIStatusBarStyleDefault;
				"INFOPLIST_KEY_UIStatusBarStyle[sdk=iphonesimulator*]" = UIStatusBarStyleDefault;
				INFOPLIST_KEY_UISupportedInterfaceOrientations_iPad = "UIInterfaceOrientationPortrait UIInterfaceOrientationPortraitUpsideDown UIInterfaceOrientationLandscapeLeft UIInterfaceOrientationLandscapeRight";
				INFOPLIST_KEY_UISupportedInterfaceOrientations_iPhone = "UIInterfaceOrientationPortrait UIInterfaceOrientationLandscapeLeft UIInterfaceOrientationLandscapeRight";
				IPHONEOS_DEPLOYMENT_TARGET = 17.2;
				LD_RUNPATH_SEARCH_PATHS = "@executable_path/Frameworks";
				"LD_RUNPATH_SEARCH_PATHS[sdk=macosx*]" = "@executable_path/../Frameworks";
				MACOSX_DEPLOYMENT_TARGET = 14.0;
				MARKETING_VERSION = 1.0;
				PRODUCT_BUNDLE_IDENTIFIER = com.johnedward.LeCuisinier;
				PRODUCT_NAME = "$(TARGET_NAME)";
				SDKROOT = auto;
				SUPPORTED_PLATFORMS = "iphoneos iphonesimulator macosx";
				SWIFT_EMIT_LOC_STRINGS = YES;
				SWIFT_VERSION = 5.0;
				TARGETED_DEVICE_FAMILY = "1,2";
			};
			name = Debug;
		};
		B803BE472BD2DAD300309B64 /* Release */ = {
			isa = XCBuildConfiguration;
			buildSettings = {
				ASSETCATALOG_COMPILER_APPICON_NAME = AppIcon;
				ASSETCATALOG_COMPILER_GLOBAL_ACCENT_COLOR_NAME = AccentColor;
				CODE_SIGN_ENTITLEMENTS = LeCuisinier/LeCuisinier.entitlements;
				CODE_SIGN_STYLE = Automatic;
				CURRENT_PROJECT_VERSION = 1;
				DEVELOPMENT_ASSET_PATHS = "\"LeCuisinier/Preview Content\"";
				DEVELOPMENT_TEAM = 3XJ966327G;
				ENABLE_HARDENED_RUNTIME = YES;
				ENABLE_PREVIEWS = YES;
				GENERATE_INFOPLIST_FILE = YES;
				INFOPLIST_FILE = LeCuisinier/Info.plist;
				"INFOPLIST_KEY_UIApplicationSceneManifest_Generation[sdk=iphoneos*]" = YES;
				"INFOPLIST_KEY_UIApplicationSceneManifest_Generation[sdk=iphonesimulator*]" = YES;
				"INFOPLIST_KEY_UIApplicationSupportsIndirectInputEvents[sdk=iphoneos*]" = YES;
				"INFOPLIST_KEY_UIApplicationSupportsIndirectInputEvents[sdk=iphonesimulator*]" = YES;
				"INFOPLIST_KEY_UILaunchScreen_Generation[sdk=iphoneos*]" = YES;
				"INFOPLIST_KEY_UILaunchScreen_Generation[sdk=iphonesimulator*]" = YES;
				"INFOPLIST_KEY_UIStatusBarStyle[sdk=iphoneos*]" = UIStatusBarStyleDefault;
				"INFOPLIST_KEY_UIStatusBarStyle[sdk=iphonesimulator*]" = UIStatusBarStyleDefault;
				INFOPLIST_KEY_UISupportedInterfaceOrientations_iPad = "UIInterfaceOrientationPortrait UIInterfaceOrientationPortraitUpsideDown UIInterfaceOrientationLandscapeLeft UIInterfaceOrientationLandscapeRight";
				INFOPLIST_KEY_UISupportedInterfaceOrientations_iPhone = "UIInterfaceOrientationPortrait UIInterfaceOrientationLandscapeLeft UIInterfaceOrientationLandscapeRight";
				IPHONEOS_DEPLOYMENT_TARGET = 17.2;
				LD_RUNPATH_SEARCH_PATHS = "@executable_path/Frameworks";
				"LD_RUNPATH_SEARCH_PATHS[sdk=macosx*]" = "@executable_path/../Frameworks";
				MACOSX_DEPLOYMENT_TARGET = 14.0;
				MARKETING_VERSION = 1.0;
				PRODUCT_BUNDLE_IDENTIFIER = com.johnedward.LeCuisinier;
				PRODUCT_NAME = "$(TARGET_NAME)";
				SDKROOT = auto;
				SUPPORTED_PLATFORMS = "iphoneos iphonesimulator macosx";
				SWIFT_EMIT_LOC_STRINGS = YES;
				SWIFT_VERSION = 5.0;
				TARGETED_DEVICE_FAMILY = "1,2";
			};
			name = Release;
		};
		B803BE492BD2DAD300309B64 /* Debug */ = {
			isa = XCBuildConfiguration;
			buildSettings = {
				ALWAYS_EMBED_SWIFT_STANDARD_LIBRARIES = YES;
				BUNDLE_LOADER = "$(TEST_HOST)";
				CODE_SIGN_STYLE = Automatic;
				CURRENT_PROJECT_VERSION = 1;
				DEVELOPMENT_TEAM = 3XJ966327G;
				GENERATE_INFOPLIST_FILE = YES;
				IPHONEOS_DEPLOYMENT_TARGET = 17.2;
				MACOSX_DEPLOYMENT_TARGET = 13.6;
				MARKETING_VERSION = 1.0;
				PRODUCT_BUNDLE_IDENTIFIER = com.johnedward.LeCuisinierTests;
				PRODUCT_NAME = "$(TARGET_NAME)";
				SDKROOT = auto;
				SUPPORTED_PLATFORMS = "iphoneos iphonesimulator macosx";
				SWIFT_EMIT_LOC_STRINGS = NO;
				SWIFT_VERSION = 5.0;
				TARGETED_DEVICE_FAMILY = "1,2";
				TEST_HOST = "$(BUILT_PRODUCTS_DIR)/LeCuisinier.app/$(BUNDLE_EXECUTABLE_FOLDER_PATH)/LeCuisinier";
			};
			name = Debug;
		};
		B803BE4A2BD2DAD300309B64 /* Release */ = {
			isa = XCBuildConfiguration;
			buildSettings = {
				ALWAYS_EMBED_SWIFT_STANDARD_LIBRARIES = YES;
				BUNDLE_LOADER = "$(TEST_HOST)";
				CODE_SIGN_STYLE = Automatic;
				CURRENT_PROJECT_VERSION = 1;
				DEVELOPMENT_TEAM = 3XJ966327G;
				GENERATE_INFOPLIST_FILE = YES;
				IPHONEOS_DEPLOYMENT_TARGET = 17.2;
				MACOSX_DEPLOYMENT_TARGET = 13.6;
				MARKETING_VERSION = 1.0;
				PRODUCT_BUNDLE_IDENTIFIER = com.johnedward.LeCuisinierTests;
				PRODUCT_NAME = "$(TARGET_NAME)";
				SDKROOT = auto;
				SUPPORTED_PLATFORMS = "iphoneos iphonesimulator macosx";
				SWIFT_EMIT_LOC_STRINGS = NO;
				SWIFT_VERSION = 5.0;
				TARGETED_DEVICE_FAMILY = "1,2";
				TEST_HOST = "$(BUILT_PRODUCTS_DIR)/LeCuisinier.app/$(BUNDLE_EXECUTABLE_FOLDER_PATH)/LeCuisinier";
			};
			name = Release;
		};
		B803BE4C2BD2DAD300309B64 /* Debug */ = {
			isa = XCBuildConfiguration;
			buildSettings = {
				ALWAYS_EMBED_SWIFT_STANDARD_LIBRARIES = YES;
				CODE_SIGN_STYLE = Automatic;
				CURRENT_PROJECT_VERSION = 1;
				DEVELOPMENT_TEAM = 3XJ966327G;
				GENERATE_INFOPLIST_FILE = YES;
				IPHONEOS_DEPLOYMENT_TARGET = 17.2;
				MACOSX_DEPLOYMENT_TARGET = 13.6;
				MARKETING_VERSION = 1.0;
				PRODUCT_BUNDLE_IDENTIFIER = com.johnedward.LeCuisinierUITests;
				PRODUCT_NAME = "$(TARGET_NAME)";
				SDKROOT = auto;
				SUPPORTED_PLATFORMS = "iphoneos iphonesimulator macosx";
				SWIFT_EMIT_LOC_STRINGS = NO;
				SWIFT_VERSION = 5.0;
				TARGETED_DEVICE_FAMILY = "1,2";
				TEST_TARGET_NAME = LeCuisinier;
			};
			name = Debug;
		};
		B803BE4D2BD2DAD300309B64 /* Release */ = {
			isa = XCBuildConfiguration;
			buildSettings = {
				ALWAYS_EMBED_SWIFT_STANDARD_LIBRARIES = YES;
				CODE_SIGN_STYLE = Automatic;
				CURRENT_PROJECT_VERSION = 1;
				DEVELOPMENT_TEAM = 3XJ966327G;
				GENERATE_INFOPLIST_FILE = YES;
				IPHONEOS_DEPLOYMENT_TARGET = 17.2;
				MACOSX_DEPLOYMENT_TARGET = 13.6;
				MARKETING_VERSION = 1.0;
				PRODUCT_BUNDLE_IDENTIFIER = com.johnedward.LeCuisinierUITests;
				PRODUCT_NAME = "$(TARGET_NAME)";
				SDKROOT = auto;
				SUPPORTED_PLATFORMS = "iphoneos iphonesimulator macosx";
				SWIFT_EMIT_LOC_STRINGS = NO;
				SWIFT_VERSION = 5.0;
				TARGETED_DEVICE_FAMILY = "1,2";
				TEST_TARGET_NAME = LeCuisinier;
			};
			name = Release;
		};
/* End XCBuildConfiguration section */

/* Begin XCConfigurationList section */
		B803BE182BD2DAD000309B64 /* Build configuration list for PBXProject "LeCuisinier" */ = {
			isa = XCConfigurationList;
			buildConfigurations = (
				B803BE432BD2DAD300309B64 /* Debug */,
				B803BE442BD2DAD300309B64 /* Release */,
			);
			defaultConfigurationIsVisible = 0;
			defaultConfigurationName = Release;
		};
		B803BE452BD2DAD300309B64 /* Build configuration list for PBXNativeTarget "LeCuisinier" */ = {
			isa = XCConfigurationList;
			buildConfigurations = (
				B803BE462BD2DAD300309B64 /* Debug */,
				B803BE472BD2DAD300309B64 /* Release */,
			);
			defaultConfigurationIsVisible = 0;
			defaultConfigurationName = Release;
		};
		B803BE482BD2DAD300309B64 /* Build configuration list for PBXNativeTarget "LeCuisinierTests" */ = {
			isa = XCConfigurationList;
			buildConfigurations = (
				B803BE492BD2DAD300309B64 /* Debug */,
				B803BE4A2BD2DAD300309B64 /* Release */,
			);
			defaultConfigurationIsVisible = 0;
			defaultConfigurationName = Release;
		};
		B803BE4B2BD2DAD300309B64 /* Build configuration list for PBXNativeTarget "LeCuisinierUITests" */ = {
			isa = XCConfigurationList;
			buildConfigurations = (
				B803BE4C2BD2DAD300309B64 /* Debug */,
				B803BE4D2BD2DAD300309B64 /* Release */,
			);
			defaultConfigurationIsVisible = 0;
			defaultConfigurationName = Release;
		};
/* End XCConfigurationList section */
	};
	rootObject = B803BE152BD2DAD000309B64 /* Project object */;
}
