// !$*UTF8*$!
{
	archiveVersion = 1;
	classes = {
	};
	objectVersion = 56;
	objects = {

/* Begin PBXBuildFile section */
		B803BE212BD2DAD000309B64 /* LeCuisinierApp.swift in Sources */ = {isa = PBXBuildFile; fileRef = B803BE202BD2DAD000309B64 /* LeCuisinierApp.swift */; };
		B803BE232BD2DAD000309B64 /* ContentView.swift in Sources */ = {isa = PBXBuildFile; fileRef = B803BE222BD2DAD000309B64 /* ContentView.swift */; };
		B803BE252BD2DAD000309B64 /* Item.swift in Sources */ = {isa = PBXBuildFile; fileRef = B803BE242BD2DAD000309B64 /* Item.swift */; };
		B803BE272BD2DAD200309B64 /* Assets.xcassets in Resources */ = {isa = PBXBuildFile; fileRef = B803BE262BD2DAD200309B64 /* Assets.xcassets */; };
		B803BE2B2BD2DAD200309B64 /* Preview Assets.xcassets in Resources */ = {isa = PBXBuildFile; fileRef = B803BE2A2BD2DAD200309B64 /* Preview Assets.xcassets */; };
		B803BE362BD2DAD300309B64 /* LeCuisinierTests.swift in Sources */ = {isa = PBXBuildFile; fileRef = B803BE352BD2DAD300309B64 /* LeCuisinierTests.swift */; };
		B803BE402BD2DAD300309B64 /* LeCuisinierUITests.swift in Sources */ = {isa = PBXBuildFile; fileRef = B803BE3F2BD2DAD300309B64 /* LeCuisinierUITests.swift */; };
		B803BE422BD2DAD300309B64 /* LeCuisinierUITestsLaunchTests.swift in Sources */ = {isa = PBXBuildFile; fileRef = B803BE412BD2DAD300309B64 /* LeCuisinierUITestsLaunchTests.swift */; };
/* End PBXBuildFile section */

/* Begin PBXContainerItemProxy section */
		B803BE322BD2DAD300309B64 /* PBXContainerItemProxy */ = {
			isa = PBXContainerItemProxy;
			containerPortal = B803BE152BD2DAD000309B64 /* Project object */;
			proxyType = 1;
			remoteGlobalIDString = B803BE1C2BD2DAD000309B64;
			remoteInfo = LeCuisinier;
		};
		B803BE3C2BD2DAD300309B64 /* PBXContainerItemProxy */ = {
			isa = PBXContainerItemProxy;
			containerPortal = B803BE152BD2DAD000309B64 /* Project object */;
			proxyType = 1;
			remoteGlobalIDString = B803BE1C2BD2DAD000309B64;
			remoteInfo = LeCuisinier;
		};
/* End PBXContainerItemProxy section */

/* Begin PBXFileReference section */
		B803BE1D2BD2DAD000309B64 /* LeCuisinier.app */ = {isa = PBXFileReference; explicitFileType = wrapper.application; includeInIndex = 0; path = LeCuisinier.app; sourceTree = BUILT_PRODUCTS_DIR; };
		B803BE202BD2DAD000309B64 /* LeCuisinierApp.swift */ = {isa = PBXFileReference; lastKnownFileType = sourcecode.swift; path = LeCuisinierApp.swift; sourceTree = "<group>"; };
		B803BE222BD2DAD000309B64 /* ContentView.swift */ = {isa = PBXFileReference; lastKnownFileType = sourcecode.swift; path = ContentView.swift; sourceTree = "<group>"; };
		B803BE242BD2DAD000309B64 /* Item.swift */ = {isa = PBXFileReference; lastKnownFileType = sourcecode.swift; path = Item.swift; sourceTree = "<group>"; };
		B803BE262BD2DAD200309B64 /* Assets.xcassets */ = {isa = PBXFileReference; lastKnownFileType = folder.assetcatalog; path = Assets.xcassets; sourceTree = "<group>"; };
		B803BE282BD2DAD200309B64 /* LeCuisinier.entitlements */ = {isa = PBXFileReference; lastKnownFileType = text.plist.entitlements; path = LeCuisinier.entitlements; sourceTree = "<group>"; };
		B803BE2A2BD2DAD200309B64 /* Preview Assets.xcassets */ = {isa = PBXFileReference; lastKnownFileType = folder.assetcatalog; path = "Preview Assets.xcassets"; sourceTree = "<group>"; };
		B803BE2C2BD2DAD200309B64 /* Info.plist */ = {isa = PBXFileReference; lastKnownFileType = text.plist.xml; path = Info.plist; sourceTree = "<group>"; };
		B803BE312BD2DAD300309B64 /* LeCuisinierTests.xctest */ = {isa = PBXFileReference; explicitFileType = wrapper.cfbundle; includeInIndex = 0; path = LeCuisinierTests.xctest; sourceTree = BUILT_PRODUCTS_DIR; };
		B803BE352BD2DAD300309B64 /* LeCuisinierTests.swift */ = {isa = PBXFileReference; lastKnownFileType = sourcecode.swift; path = LeCuisinierTests.swift; sourceTree = "<group>"; };
		B803BE3B2BD2DAD300309B64 /* LeCuisinierUITests.xctest */ = {isa = PBXFileReference; explicitFileType = wrapper.cfbundle; includeInIndex = 0; path = LeCuisinierUITests.xctest; sourceTree = BUILT_PRODUCTS_DIR; };
		B803BE3F2BD2DAD300309B64 /* LeCuisinierUITests.swift */ = {isa = PBXFileReference; lastKnownFileType = sourcecode.swift; path = LeCuisinierUITests.swift; sourceTree = "<group>"; };
		B803BE412BD2DAD300309B64 /* LeCuisinierUITestsLaunchTests.swift */ = {isa = PBXFileReference; lastKnownFileType = sourcecode.swift; path = LeCuisinierUITestsLaunchTests.swift; sourceTree = "<group>"; };
/* End PBXFileReference section */

/* Begin PBXFrameworksBuildPhase section */
		B803BE1A2BD2DAD000309B64 /* Frameworks */ = {
			isa = PBXFrameworksBuildPhase;
			buildActionMask = 2147483647;
			files = (
			);
			runOnlyForDeploymentPostprocessing = 0;
		};
		B803BE2E2BD2DAD300309B64 /* Frameworks */ = {
			isa = PBXFrameworksBuildPhase;
			buildActionMask = 2147483647;
			files = (
			);
			runOnlyForDeploymentPostprocessing = 0;
		};
		B803BE382BD2DAD300309B64 /* Frameworks */ = {
			isa = PBXFrameworksBuildPhase;
			buildActionMask = 2147483647;
			files = (
			);
			runOnlyForDeploymentPostprocessing = 0;
		};
/* End PBXFrameworksBuildPhase section */

/* Begin PBXGroup section */
		B803BE142BD2DAD000309B64 = {
			isa = PBXGroup;
			children = (
				B803BE1F2BD2DAD000309B64 /* LeCuisinier */,
				B803BE342BD2DAD300309B64 /* LeCuisinierTests */,
				B803BE3E2BD2DAD300309B64 /* LeCuisinierUITests */,
				B803BE1E2BD2DAD000309B64 /* Products */,
			);
			sourceTree = "<group>";
		};
		B803BE1E2BD2DAD000309B64 /* Products */ = {
			isa = PBXGroup;
			children = (
				B803BE1D2BD2DAD000309B64 /* LeCuisinier.app */,
				B803BE312BD2DAD300309B64 /* LeCuisinierTests.xctest */,
				B803BE3B2BD2DAD300309B64 /* LeCuisinierUITests.xctest */,
			);
			name = Products;
			sourceTree = "<group>";
		};
		B803BE1F2BD2DAD000309B64 /* LeCuisinier */ = {
			isa = PBXGroup;
			children = (
				B803BE202BD2DAD000309B64 /* LeCuisinierApp.swift */,
				B803BE222BD2DAD000309B64 /* ContentView.swift */,
				B803BE242BD2DAD000309B64 /* Item.swift */,
				B803BE262BD2DAD200309B64 /* Assets.xcassets */,
				B803BE282BD2DAD200309B64 /* LeCuisinier.entitlements */,
				B803BE2C2BD2DAD200309B64 /* Info.plist */,
				B803BE292BD2DAD200309B64 /* Preview Content */,
			);
			path = LeCuisinier;
			sourceTree = "<group>";
		};
		B803BE292BD2DAD200309B64 /* Preview Content */ = {
			isa = PBXGroup;
			children = (
				B803BE2A2BD2DAD200309B64 /* Preview Assets.xcassets */,
			);
			path = "Preview Content";
			sourceTree = "<group>";
		};
		B803BE342BD2DAD300309B64 /* LeCuisinierTests */ = {
			isa = PBXGroup;
			children = (
				B803BE352BD2DAD300309B64 /* LeCuisinierTests.swift */,
			);
			path = LeCuisinierTests;
			sourceTree = "<group>";
		};
		B803BE3E2BD2DAD300309B64 /* LeCuisinierUITests */ = {
			isa = PBXGroup;
			children = (
				B803BE3F2BD2DAD300309B64 /* LeCuisinierUITests.swift */,
				B803BE412BD2DAD300309B64 /* LeCuisinierUITestsLaunchTests.swift */,
			);
			path = LeCuisinierUITests;
			sourceTree = "<group>";
		};
/* End PBXGroup section */

/* Begin PBXNativeTarget section */
		B803BE1C2BD2DAD000309B64 /* LeCuisinier */ = {
			isa = PBXNativeTarget;
			buildConfigurationList = B803BE452BD2DAD300309B64 /* Build configuration list for PBXNativeTarget "LeCuisinier" */;
			buildPhases = (
				B803BE192BD2DAD000309B64 /* Sources */,
				B803BE1A2BD2DAD000309B64 /* Frameworks */,
				B803BE1B2BD2DAD000309B64 /* Resources */,
			);
			buildRules = (
			);
			dependencies = (
			);
			name = LeCuisinier;
			productName = LeCuisinier;
			productReference = B803BE1D2BD2DAD000309B64 /* LeCuisinier.app */;
			productType = "com.apple.product-type.application";
		};
		B803BE302BD2DAD300309B64 /* LeCuisinierTests */ = {
			isa = PBXNativeTarget;
			buildConfigurationList = B803BE482BD2DAD300309B64 /* Build configuration list for PBXNativeTarget "LeCuisinierTests" */;
			buildPhases = (
				B803BE2D2BD2DAD300309B64 /* Sources */,
				B803BE2E2BD2DAD300309B64 /* Frameworks */,
				B803BE2F2BD2DAD300309B64 /* Resources */,
			);
			buildRules = (
			);
			dependencies = (
				B803BE332BD2DAD300309B64 /* PBXTargetDependency */,
			);
			name = LeCuisinierTests;
			productName = LeCuisinierTests;
			productReference = B803BE312BD2DAD300309B64 /* LeCuisinierTests.xctest */;
			productType = "com.apple.product-type.bundle.unit-test";
		};
		B803BE3A2BD2DAD300309B64 /* LeCuisinierUITests */ = {
			isa = PBXNativeTarget;
			buildConfigurationList = B803BE4B2BD2DAD300309B64 /* Build configuration list for PBXNativeTarget "LeCuisinierUITests" */;
			buildPhases = (
				B803BE372BD2DAD300309B64 /* Sources */,
				B803BE382BD2DAD300309B64 /* Frameworks */,
				B803BE392BD2DAD300309B64 /* Resources */,
			);
			buildRules = (
			);
			dependencies = (
				B803BE3D2BD2DAD300309B64 /* PBXTargetDependency */,
			);
			name = LeCuisinierUITests;
			productName = LeCuisinierUITests;
			productReference = B803BE3B2BD2DAD300309B64 /* LeCuisinierUITests.xctest */;
			productType = "com.apple.product-type.bundle.ui-testing";
		};
/* End PBXNativeTarget section */

/* Begin PBXProject section */
		B803BE152BD2DAD000309B64 /* Project object */ = {
			isa = PBXProject;
			attributes = {
				BuildIndependentTargetsInParallel = 1;
				LastSwiftUpdateCheck = 1520;
				LastUpgradeCheck = 1520;
				TargetAttributes = {
					B803BE1C2BD2DAD000309B64 = {
						CreatedOnToolsVersion = 15.2;
					};
					B803BE302BD2DAD300309B64 = {
						CreatedOnToolsVersion = 15.2;
						TestTargetID = B803BE1C2BD2DAD000309B64;
					};
					B803BE3A2BD2DAD300309B64 = {
						CreatedOnToolsVersion = 15.2;
						TestTargetID = B803BE1C2BD2DAD000309B64;
					};
				};
			};
			buildConfigurationList = B803BE182BD2DAD000309B64 /* Build configuration list for PBXProject "LeCuisinier" */;
			compatibilityVersion = "Xcode 14.0";
			developmentRegion = en;
			hasScannedForEncodings = 0;
			knownRegions = (
				en,
				Base,
			);
			mainGroup = B803BE142BD2DAD000309B64;
			productRefGroup = B803BE1E2BD2DAD000309B64 /* Products */;
			projectDirPath = "";
			projectRoot = "";
			targets = (
				B803BE1C2BD2DAD000309B64 /* LeCuisinier */,
				B803BE302BD2DAD300309B64 /* LeCuisinierTests */,
				B803BE3A2BD2DAD300309B64 /* LeCuisinierUITests */,
			);
		};
/* End PBXProject section */

/* Begin PBXResourcesBuildPhase section */
		B803BE1B2BD2DAD000309B64 /* Resources */ = {
			isa = PBXResourcesBuildPhase;
			buildActionMask = 2147483647;
			files = (
				B803BE2B2BD2DAD200309B64 /* Preview Assets.xcassets in Resources */,
				B803BE272BD2DAD200309B64 /* Assets.xcassets in Resources */,
			);
			runOnlyForDeploymentPostprocessing = 0;
		};
		B803BE2F2BD2DAD300309B64 /* Resources */ = {
			isa = PBXResourcesBuildPhase;
			buildActionMask = 2147483647;
			files = (
			);
			runOnlyForDeploymentPostprocessing = 0;
		};
		B803BE392BD2DAD300309B64 /* Resources */ = {
			isa = PBXResourcesBuildPhase;
			buildActionMask = 2147483647;
			files = (
			);
			runOnlyForDeploymentPostprocessing = 0;
		};
/* End PBXResourcesBuildPhase section */

/* Begin PBXSourcesBuildPhase section */
		B803BE192BD2DAD000309B64 /* Sources */ = {
			isa = PBXSourcesBuildPhase;
			buildActionMask = 2147483647;
			files = (
				B803BE232BD2DAD000309B64 /* ContentView.swift in Sources */,
				B803BE252BD2DAD000309B64 /* Item.swift in Sources */,
				B803BE212BD2DAD000309B64 /* LeCuisinierApp.swift in Sources */,
			);
			runOnlyForDeploymentPostprocessing = 0;
		};
		B803BE2D2BD2DAD300309B64 /* Sources */ = {
			isa = PBXSourcesBuildPhase;
			buildActionMask = 2147483647;
			files = (
				B803BE362BD2DAD300309B64 /* LeCuisinierTests.swift in Sources */,
			);
			runOnlyForDeploymentPostprocessing = 0;
		};
		B803BE372BD2DAD300309B64 /* Sources */ = {
			isa = PBXSourcesBuildPhase;
			buildActionMask = 2147483647;
			files = (
				B803BE402BD2DAD300309B64 /* LeCuisinierUITests.swift in Sources */,
				B803BE422BD2DAD300309B64 /* LeCuisinierUITestsLaunchTests.swift in Sources */,
			);
			runOnlyForDeploymentPostprocessing = 0;
		};
/* End PBXSourcesBuildPhase section */

/* Begin PBXTargetDependency section */
		B803BE332BD2DAD300309B64 /* PBXTargetDependency */ = {
			isa = PBXTargetDependency;
			target = B803BE1C2BD2DAD000309B64 /* LeCuisinier */;
			targetProxy = B803BE322BD2DAD300309B64 /* PBXContainerItemProxy */;
		};
		B803BE3D2BD2DAD300309B64 /* PBXTargetDependency */ = {
			isa = PBXTargetDependency;
			target = B803BE1C2BD2DAD000309B64 /* LeCuisinier */;
			targetProxy = B803BE3C2BD2DAD300309B64 /* PBXContainerItemProxy */;
		};
/* End PBXTargetDependency section */

/* Begin XCBuildConfiguration section */
		B803BE432BD2DAD300309B64 /* Debug */ = {
			isa = XCBuildConfiguration;
			buildSettings = {
				ALWAYS_SEARCH_USER_PATHS = NO;
				ASSETCATALOG_COMPILER_GENERATE_SWIFT_ASSET_SYMBOL_EXTENSIONS = YES;
				CLANG_ANALYZER_NONNULL = YES;
				CLANG_ANALYZER_NUMBER_OBJECT_CONVERSION = YES_AGGRESSIVE;
				CLANG_CXX_LANGUAGE_STANDARD = "gnu++20";
				CLANG_ENABLE_MODULES = YES;
				CLANG_ENABLE_OBJC_ARC = YES;
				CLANG_ENABLE_OBJC_WEAK = YES;
				CLANG_WARN_BLOCK_CAPTURE_AUTORELEASING = YES;
				CLANG_WARN_BOOL_CONVERSION = YES;
				CLANG_WARN_COMMA = YES;
				CLANG_WARN_CONSTANT_CONVERSION = YES;
				CLANG_WARN_DEPRECATED_OBJC_IMPLEMENTATIONS = YES;
				CLANG_WARN_DIRECT_OBJC_ISA_USAGE = YES_ERROR;
				CLANG_WARN_DOCUMENTATION_COMMENTS = YES;
				CLANG_WARN_EMPTY_BODY = YES;
				CLANG_WARN_ENUM_CONVERSION = YES;
				CLANG_WARN_INFINITE_RECURSION = YES;
				CLANG_WARN_INT_CONVERSION = YES;
				CLANG_WARN_NON_LITERAL_NULL_CONVERSION = YES;
				CLANG_WARN_OBJC_IMPLICIT_RETAIN_SELF = YES;
				CLANG_WARN_OBJC_LITERAL_CONVERSION = YES;
				CLANG_WARN_OBJC_ROOT_CLASS = YES_ERROR;
				CLANG_WARN_QUOTED_INCLUDE_IN_FRAMEWORK_HEADER = YES;
				CLANG_WARN_RANGE_LOOP_ANALYSIS = YES;
				CLANG_WARN_STRICT_PROTOTYPES = YES;
				CLANG_WARN_SUSPICIOUS_MOVE = YES;
				CLANG_WARN_UNGUARDED_AVAILABILITY = YES_AGGRESSIVE;
				CLANG_WARN_UNREACHABLE_CODE = YES;
				CLANG_WARN__DUPLICATE_METHOD_MATCH = YES;
				COPY_PHASE_STRIP = NO;
				DEBUG_INFORMATION_FORMAT = dwarf;
				ENABLE_STRICT_OBJC_MSGSEND = YES;
				ENABLE_TESTABILITY = YES;
				ENABLE_USER_SCRIPT_SANDBOXING = YES;
				GCC_C_LANGUAGE_STANDARD = gnu17;
				GCC_DYNAMIC_NO_PIC = NO;
				GCC_NO_COMMON_BLOCKS = YES;
				GCC_OPTIMIZATION_LEVEL = 0;
				GCC_PREPROCESSOR_DEFINITIONS = (
					"DEBUG=1",
					"$(inherited)",
				);
				GCC_WARN_64_TO_32_BIT_CONVERSION = YES;
				GCC_WARN_ABOUT_RETURN_TYPE = YES_ERROR;
				GCC_WARN_UNDECLARED_SELECTOR = YES;
				GCC_WARN_UNINITIALIZED_AUTOS = YES_AGGRESSIVE;
				GCC_WARN_UNUSED_FUNCTION = YES;
				GCC_WARN_UNUSED_VARIABLE = YES;
				LOCALIZATION_PREFERS_STRING_CATALOGS = YES;
				MTL_ENABLE_DEBUG_INFO = INCLUDE_SOURCE;
				MTL_FAST_MATH = YES;
				ONLY_ACTIVE_ARCH = YES;
				SWIFT_ACTIVE_COMPILATION_CONDITIONS = "DEBUG $(inherited)";
				SWIFT_OPTIMIZATION_LEVEL = "-Onone";
			};
			name = Debug;
		};
		B803BE442BD2DAD300309B64 /* Release */ = {
			isa = XCBuildConfiguration;
			buildSettings = {
				ALWAYS_SEARCH_USER_PATHS = NO;
				ASSETCATALOG_COMPILER_GENERATE_SWIFT_ASSET_SYMBOL_EXTENSIONS = YES;
				CLANG_ANALYZER_NONNULL = YES;
				CLANG_ANALYZER_NUMBER_OBJECT_CONVERSION = YES_AGGRESSIVE;
				CLANG_CXX_LANGUAGE_STANDARD = "gnu++20";
				CLANG_ENABLE_MODULES = YES;
				CLANG_ENABLE_OBJC_ARC = YES;
				CLANG_ENABLE_OBJC_WEAK = YES;
				CLANG_WARN_BLOCK_CAPTURE_AUTORELEASING = YES;
				CLANG_WARN_BOOL_CONVERSION = YES;
				CLANG_WARN_COMMA = YES;
				CLANG_WARN_CONSTANT_CONVERSION = YES;
				CLANG_WARN_DEPRECATED_OBJC_IMPLEMENTATIONS = YES;
				CLANG_WARN_DIRECT_OBJC_ISA_USAGE = YES_ERROR;
				CLANG_WARN_DOCUMENTATION_COMMENTS = YES;
				CLANG_WARN_EMPTY_BODY = YES;
				CLANG_WARN_ENUM_CONVERSION = YES;
				CLANG_WARN_INFINITE_RECURSION = YES;
				CLANG_WARN_INT_CONVERSION = YES;
				CLANG_WARN_NON_LITERAL_NULL_CONVERSION = YES;
				CLANG_WARN_OBJC_IMPLICIT_RETAIN_SELF = YES;
				CLANG_WARN_OBJC_LITERAL_CONVERSION = YES;
				CLANG_WARN_OBJC_ROOT_CLASS = YES_ERROR;
				CLANG_WARN_QUOTED_INCLUDE_IN_FRAMEWORK_HEADER = YES;
				CLANG_WARN_RANGE_LOOP_ANALYSIS = YES;
				CLANG_WARN_STRICT_PROTOTYPES = YES;
				CLANG_WARN_SUSPICIOUS_MOVE = YES;
				CLANG_WARN_UNGUARDED_AVAILABILITY = YES_AGGRESSIVE;
				CLANG_WARN_UNREACHABLE_CODE = YES;
				CLANG_WARN__DUPLICATE_METHOD_MATCH = YES;
				COPY_PHASE_STRIP = NO;
				DEBUG_INFORMATION_FORMAT = "dwarf-with-dsym";
				ENABLE_NS_ASSERTIONS = NO;
				ENABLE_STRICT_OBJC_MSGSEND = YES;
				ENABLE_USER_SCRIPT_SANDBOXING = YES;
				GCC_C_LANGUAGE_STANDARD = gnu17;
				GCC_NO_COMMON_BLOCKS = YES;
				GCC_WARN_64_TO_32_BIT_CONVERSION = YES;
				GCC_WARN_ABOUT_RETURN_TYPE = YES_ERROR;
				GCC_WARN_UNDECLARED_SELECTOR = YES;
				GCC_WARN_UNINITIALIZED_AUTOS = YES_AGGRESSIVE;
				GCC_WARN_UNUSED_FUNCTION = YES;
				GCC_WARN_UNUSED_VARIABLE = YES;
				LOCALIZATION_PREFERS_STRING_CATALOGS = YES;
				MTL_ENABLE_DEBUG_INFO = NO;
				MTL_FAST_MATH = YES;
				SWIFT_COMPILATION_MODE = wholemodule;
			};
			name = Release;
		};
		B803BE462BD2DAD300309B64 /* Debug */ = {
			isa = XCBuildConfiguration;
			buildSettings = {
				ASSETCATALOG_COMPILER_APPICON_NAME = AppIcon;
				ASSETCATALOG_COMPILER_GLOBAL_ACCENT_COLOR_NAME = AccentColor;
				CODE_SIGN_ENTITLEMENTS = LeCuisinier/LeCuisinier.entitlements;
				CODE_SIGN_STYLE = Automatic;
				CURRENT_PROJECT_VERSION = 1;
				DEVELOPMENT_ASSET_PATHS = "\"LeCuisinier/Preview Content\"";
				DEVELOPMENT_TEAM = 3XJ966327G;
				ENABLE_HARDENED_RUNTIME = YES;
				ENABLE_PREVIEWS = YES;
				GENERATE_INFOPLIST_FILE = YES;
				INFOPLIST_FILE = LeCuisinier/Info.plist;
				"INFOPLIST_KEY_UIApplicationSceneManifest_Generation[sdk=iphoneos*]" = YES;
				"INFOPLIST_KEY_UIApplicationSceneManifest_Generation[sdk=iphonesimulator*]" = YES;
				"INFOPLIST_KEY_UIApplicationSupportsIndirectInputEvents[sdk=iphoneos*]" = YES;
				"INFOPLIST_KEY_UIApplicationSupportsIndirectInputEvents[sdk=iphonesimulator*]" = YES;
				"INFOPLIST_KEY_UILaunchScreen_Generation[sdk=iphoneos*]" = YES;
				"INFOPLIST_KEY_UILaunchScreen_Generation[sdk=iphonesimulator*]" = YES;
				"INFOPLIST_KEY_UIStatusBarStyle[sdk=iphoneos*]" = UIStatusBarStyleDefault;
				"INFOPLIST_KEY_UIStatusBarStyle[sdk=iphonesimulator*]" = UIStatusBarStyleDefault;
				INFOPLIST_KEY_UISupportedInterfaceOrientations_iPad = "UIInterfaceOrientationPortrait UIInterfaceOrientationPortraitUpsideDown UIInterfaceOrientationLandscapeLeft UIInterfaceOrientationLandscapeRight";
				INFOPLIST_KEY_UISupportedInterfaceOrientations_iPhone = "UIInterfaceOrientationPortrait UIInterfaceOrientationLandscapeLeft UIInterfaceOrientationLandscapeRight";
				IPHONEOS_DEPLOYMENT_TARGET = 17.2;
				LD_RUNPATH_SEARCH_PATHS = "@executable_path/Frameworks";
				"LD_RUNPATH_SEARCH_PATHS[sdk=macosx*]" = "@executable_path/../Frameworks";
				MACOSX_DEPLOYMENT_TARGET = 14.0;
				MARKETING_VERSION = 1.0;
				PRODUCT_BUNDLE_IDENTIFIER = com.johnedward.LeCuisinier;
				PRODUCT_NAME = "$(TARGET_NAME)";
				SDKROOT = auto;
				SUPPORTED_PLATFORMS = "iphoneos iphonesimulator macosx";
				SWIFT_EMIT_LOC_STRINGS = YES;
				SWIFT_VERSION = 5.0;
				TARGETED_DEVICE_FAMILY = "1,2";
			};
			name = Debug;
		};
		B803BE472BD2DAD300309B64 /* Release */ = {
			isa = XCBuildConfiguration;
			buildSettings = {
				ASSETCATALOG_COMPILER_APPICON_NAME = AppIcon;
				ASSETCATALOG_COMPILER_GLOBAL_ACCENT_COLOR_NAME = AccentColor;
				CODE_SIGN_ENTITLEMENTS = LeCuisinier/LeCuisinier.entitlements;
				CODE_SIGN_STYLE = Automatic;
				CURRENT_PROJECT_VERSION = 1;
				DEVELOPMENT_ASSET_PATHS = "\"LeCuisinier/Preview Content\"";
				DEVELOPMENT_TEAM = 3XJ966327G;
				ENABLE_HARDENED_RUNTIME = YES;
				ENABLE_PREVIEWS = YES;
				GENERATE_INFOPLIST_FILE = YES;
				INFOPLIST_FILE = LeCuisinier/Info.plist;
				"INFOPLIST_KEY_UIApplicationSceneManifest_Generation[sdk=iphoneos*]" = YES;
				"INFOPLIST_KEY_UIApplicationSceneManifest_Generation[sdk=iphonesimulator*]" = YES;
				"INFOPLIST_KEY_UIApplicationSupportsIndirectInputEvents[sdk=iphoneos*]" = YES;
				"INFOPLIST_KEY_UIApplicationSupportsIndirectInputEvents[sdk=iphonesimulator*]" = YES;
				"INFOPLIST_KEY_UILaunchScreen_Generation[sdk=iphoneos*]" = YES;
				"INFOPLIST_KEY_UILaunchScreen_Generation[sdk=iphonesimulator*]" = YES;
				"INFOPLIST_KEY_UIStatusBarStyle[sdk=iphoneos*]" = UIStatusBarStyleDefault;
				"INFOPLIST_KEY_UIStatusBarStyle[sdk=iphonesimulator*]" = UIStatusBarStyleDefault;
				INFOPLIST_KEY_UISupportedInterfaceOrientations_iPad = "UIInterfaceOrientationPortrait UIInterfaceOrientationPortraitUpsideDown UIInterfaceOrientationLandscapeLeft UIInterfaceOrientationLandscapeRight";
				INFOPLIST_KEY_UISupportedInterfaceOrientations_iPhone = "UIInterfaceOrientationPortrait UIInterfaceOrientationLandscapeLeft UIInterfaceOrientationLandscapeRight";
				IPHONEOS_DEPLOYMENT_TARGET = 17.2;
				LD_RUNPATH_SEARCH_PATHS = "@executable_path/Frameworks";
				"LD_RUNPATH_SEARCH_PATHS[sdk=macosx*]" = "@executable_path/../Frameworks";
				MACOSX_DEPLOYMENT_TARGET = 14.0;
				MARKETING_VERSION = 1.0;
				PRODUCT_BUNDLE_IDENTIFIER = com.johnedward.LeCuisinier;
				PRODUCT_NAME = "$(TARGET_NAME)";
				SDKROOT = auto;
				SUPPORTED_PLATFORMS = "iphoneos iphonesimulator macosx";
				SWIFT_EMIT_LOC_STRINGS = YES;
				SWIFT_VERSION = 5.0;
				TARGETED_DEVICE_FAMILY = "1,2";
			};
			name = Release;
		};
		B803BE492BD2DAD300309B64 /* Debug */ = {
			isa = XCBuildConfiguration;
			buildSettings = {
				ALWAYS_EMBED_SWIFT_STANDARD_LIBRARIES = YES;
				BUNDLE_LOADER = "$(TEST_HOST)";
				CODE_SIGN_STYLE = Automatic;
				CURRENT_PROJECT_VERSION = 1;
				DEVELOPMENT_TEAM = 3XJ966327G;
				GENERATE_INFOPLIST_FILE = YES;
				IPHONEOS_DEPLOYMENT_TARGET = 17.2;
				MACOSX_DEPLOYMENT_TARGET = 13.6;
				MARKETING_VERSION = 1.0;
				PRODUCT_BUNDLE_IDENTIFIER = com.johnedward.LeCuisinierTests;
				PRODUCT_NAME = "$(TARGET_NAME)";
				SDKROOT = auto;
				SUPPORTED_PLATFORMS = "iphoneos iphonesimulator macosx";
				SWIFT_EMIT_LOC_STRINGS = NO;
				SWIFT_VERSION = 5.0;
				TARGETED_DEVICE_FAMILY = "1,2";
				TEST_HOST = "$(BUILT_PRODUCTS_DIR)/LeCuisinier.app/$(BUNDLE_EXECUTABLE_FOLDER_PATH)/LeCuisinier";
			};
			name = Debug;
		};
		B803BE4A2BD2DAD300309B64 /* Release */ = {
			isa = XCBuildConfiguration;
			buildSettings = {
				ALWAYS_EMBED_SWIFT_STANDARD_LIBRARIES = YES;
				BUNDLE_LOADER = "$(TEST_HOST)";
				CODE_SIGN_STYLE = Automatic;
				CURRENT_PROJECT_VERSION = 1;
				DEVELOPMENT_TEAM = 3XJ966327G;
				GENERATE_INFOPLIST_FILE = YES;
				IPHONEOS_DEPLOYMENT_TARGET = 17.2;
				MACOSX_DEPLOYMENT_TARGET = 13.6;
				MARKETING_VERSION = 1.0;
				PRODUCT_BUNDLE_IDENTIFIER = com.johnedward.LeCuisinierTests;
				PRODUCT_NAME = "$(TARGET_NAME)";
				SDKROOT = auto;
				SUPPORTED_PLATFORMS = "iphoneos iphonesimulator macosx";
				SWIFT_EMIT_LOC_STRINGS = NO;
				SWIFT_VERSION = 5.0;
				TARGETED_DEVICE_FAMILY = "1,2";
				TEST_HOST = "$(BUILT_PRODUCTS_DIR)/LeCuisinier.app/$(BUNDLE_EXECUTABLE_FOLDER_PATH)/LeCuisinier";
			};
			name = Release;
		};
		B803BE4C2BD2DAD300309B64 /* Debug */ = {
			isa = XCBuildConfiguration;
			buildSettings = {
				ALWAYS_EMBED_SWIFT_STANDARD_LIBRARIES = YES;
				CODE_SIGN_STYLE = Automatic;
				CURRENT_PROJECT_VERSION = 1;
				DEVELOPMENT_TEAM = 3XJ966327G;
				GENERATE_INFOPLIST_FILE = YES;
				IPHONEOS_DEPLOYMENT_TARGET = 17.2;
				MACOSX_DEPLOYMENT_TARGET = 13.6;
				MARKETING_VERSION = 1.0;
				PRODUCT_BUNDLE_IDENTIFIER = com.johnedward.LeCuisinierUITests;
				PRODUCT_NAME = "$(TARGET_NAME)";
				SDKROOT = auto;
				SUPPORTED_PLATFORMS = "iphoneos iphonesimulator macosx";
				SWIFT_EMIT_LOC_STRINGS = NO;
				SWIFT_VERSION = 5.0;
				TARGETED_DEVICE_FAMILY = "1,2";
				TEST_TARGET_NAME = LeCuisinier;
			};
			name = Debug;
		};
		B803BE4D2BD2DAD300309B64 /* Release */ = {
			isa = XCBuildConfiguration;
			buildSettings = {
				ALWAYS_EMBED_SWIFT_STANDARD_LIBRARIES = YES;
				CODE_SIGN_STYLE = Automatic;
				CURRENT_PROJECT_VERSION = 1;
				DEVELOPMENT_TEAM = 3XJ966327G;
				GENERATE_INFOPLIST_FILE = YES;
				IPHONEOS_DEPLOYMENT_TARGET = 17.2;
				MACOSX_DEPLOYMENT_TARGET = 13.6;
				MARKETING_VERSION = 1.0;
				PRODUCT_BUNDLE_IDENTIFIER = com.johnedward.LeCuisinierUITests;
				PRODUCT_NAME = "$(TARGET_NAME)";
				SDKROOT = auto;
				SUPPORTED_PLATFORMS = "iphoneos iphonesimulator macosx";
				SWIFT_EMIT_LOC_STRINGS = NO;
				SWIFT_VERSION = 5.0;
				TARGETED_DEVICE_FAMILY = "1,2";
				TEST_TARGET_NAME = LeCuisinier;
			};
			name = Release;
		};
/* End XCBuildConfiguration section */

/* Begin XCConfigurationList section */
		B803BE182BD2DAD000309B64 /* Build configuration list for PBXProject "LeCuisinier" */ = {
			isa = XCConfigurationList;
			buildConfigurations = (
				B803BE432BD2DAD300309B64 /* Debug */,
				B803BE442BD2DAD300309B64 /* Release */,
			);
			defaultConfigurationIsVisible = 0;
			defaultConfigurationName = Release;
		};
		B803BE452BD2DAD300309B64 /* Build configuration list for PBXNativeTarget "LeCuisinier" */ = {
			isa = XCConfigurationList;
			buildConfigurations = (
				B803BE462BD2DAD300309B64 /* Debug */,
				B803BE472BD2DAD300309B64 /* Release */,
			);
			defaultConfigurationIsVisible = 0;
			defaultConfigurationName = Release;
		};
		B803BE482BD2DAD300309B64 /* Build configuration list for PBXNativeTarget "LeCuisinierTests" */ = {
			isa = XCConfigurationList;
			buildConfigurations = (
				B803BE492BD2DAD300309B64 /* Debug */,
				B803BE4A2BD2DAD300309B64 /* Release */,
			);
			defaultConfigurationIsVisible = 0;
			defaultConfigurationName = Release;
		};
		B803BE4B2BD2DAD300309B64 /* Build configuration list for PBXNativeTarget "LeCuisinierUITests" */ = {
			isa = XCConfigurationList;
			buildConfigurations = (
				B803BE4C2BD2DAD300309B64 /* Debug */,
				B803BE4D2BD2DAD300309B64 /* Release */,
			);
			defaultConfigurationIsVisible = 0;
			defaultConfigurationName = Release;
		};
/* End XCConfigurationList section */
	};
	rootObject = B803BE152BD2DAD000309B64 /* Project object */;
}
